
Microsoft Visual Studio Solution File, Format Version 12.00
# Visual Studio Version 17
VisualStudioVersion = 17.8.34316.72
MinimumVisualStudioVersion = 10.0.40219.1
Project("{FAE04EC0-301F-11D3-BF4B-00C04F79EFBC}") = "capadenegocio", "Peliculas\capadenegocio.csproj", "{D478D410-6CC6-45D3-B186-2B4EE4F67467}"
EndProject
Project("{FAE04EC0-301F-11D3-BF4B-00C04F79EFBC}") = "Capadedatos", "Capadedatoa\Capadedatos.csproj", "{1523726C-1016-410D-AFA4-CDA801F50103}"
EndProject
Project("{FAE04EC0-301F-11D3-BF4B-00C04F79EFBC}") = "Capapresentacion", "Capapresentacion\Capapresentacion.csproj", "{935BF527-F883-4C15-B159-C8544C7E6CF6}"
EndProject
Global
	GlobalSection(SolutionConfigurationPlatforms) = preSolution
		Debug|Any CPU = Debug|Any CPU
		Release|Any CPU = Release|Any CPU
	EndGlobalSection
	GlobalSection(ProjectConfigurationPlatforms) = postSolution
		{D478D410-6CC6-45D3-B186-2B4EE4F67467}.Debug|Any CPU.ActiveCfg = Debug|Any CPU
		{D478D410-6CC6-45D3-B186-2B4EE4F67467}.Debug|Any CPU.Build.0 = Debug|Any CPU
		{D478D410-6CC6-45D3-B186-2B4EE4F67467}.Release|Any CPU.ActiveCfg = Release|Any CPU
		{D478D410-6CC6-45D3-B186-2B4EE4F67467}.Release|Any CPU.Build.0 = Release|Any CPU
		{1523726C-1016-410D-AFA4-CDA801F50103}.Debug|Any CPU.ActiveCfg = Debug|Any CPU
		{1523726C-1016-410D-AFA4-CDA801F50103}.Debug|Any CPU.Build.0 = Debug|Any CPU
		{1523726C-1016-410D-AFA4-CDA801F50103}.Release|Any CPU.ActiveCfg = Release|Any CPU
		{1523726C-1016-410D-AFA4-CDA801F50103}.Release|Any CPU.Build.0 = Release|Any CPU
		{935BF527-F883-4C15-B159-C8544C7E6CF6}.Debug|Any CPU.ActiveCfg = Debug|Any CPU
		{935BF527-F883-4C15-B159-C8544C7E6CF6}.Debug|Any CPU.Build.0 = Debug|Any CPU
		{935BF527-F883-4C15-B159-C8544C7E6CF6}.Release|Any CPU.ActiveCfg = Release|Any CPU
		{935BF527-F883-4C15-B159-C8544C7E6CF6}.Release|Any CPU.Build.0 = Release|Any CPU
	EndGlobalSection
	GlobalSection(SolutionProperties) = preSolution
		HideSolutionNode = FALSE
	EndGlobalSection
	GlobalSection(ExtensibilityGlobals) = postSolution
		SolutionGuid = {D9E17030-64A3-494A-ADC0-60E8CE9AD994}
	EndGlobalSection
EndGlobal
